// !$*UTF8*$!
{
	archiveVersion = 1;
	classes = {
	};
	objectVersion = 46;
	objects = {

/* Begin PBXBuildFile section */
		5230D82E206291B40045F726 /* Charts.framework in Frameworks */ = {isa = PBXBuildFile; fileRef = 5230D82B206291800045F726 /* Charts.framework */; };
		5230D82F206291B40045F726 /* Charts.framework in Embed Frameworks */ = {isa = PBXBuildFile; fileRef = 5230D82B206291800045F726 /* Charts.framework */; settings = {ATTRIBUTES = (CodeSignOnCopy, RemoveHeadersOnCopy, ); }; };
		524DE585204C2616002DC3CB /* PlantPiTests.swift in Sources */ = {isa = PBXBuildFile; fileRef = 524DE584204C2616002DC3CB /* PlantPiTests.swift */; };
		524DE591204EC051002DC3CB /* CSwiftV.swift in Sources */ = {isa = PBXBuildFile; fileRef = 524DE590204EC051002DC3CB /* CSwiftV.swift */; };
		524DE595204ED112002DC3CB /* plants.csv in Resources */ = {isa = PBXBuildFile; fileRef = 524DE594204ED112002DC3CB /* plants.csv */; };
		524DE597204EDE10002DC3CB /* PlantDataViewController.swift in Sources */ = {isa = PBXBuildFile; fileRef = 524DE596204EDE10002DC3CB /* PlantDataViewController.swift */; };
		525432FF205EDE8500DC3854 /* AvgValuesViewController.swift in Sources */ = {isa = PBXBuildFile; fileRef = 525432FE205EDE8500DC3854 /* AvgValuesViewController.swift */; };
		528763D92047335A006D8385 /* PlantTableViewController.swift in Sources */ = {isa = PBXBuildFile; fileRef = 528763D82047335A006D8385 /* PlantTableViewController.swift */; };
		528763DB2047337E006D8385 /* PlantTableViewCell.swift in Sources */ = {isa = PBXBuildFile; fileRef = 528763DA2047337E006D8385 /* PlantTableViewCell.swift */; };
		5289DBF9201CA52E001E120F /* PlantData.swift in Sources */ = {isa = PBXBuildFile; fileRef = 5289DBF8201CA52E001E120F /* PlantData.swift */; };
		5289DBFB201CA686001E120F /* getData.swift in Sources */ = {isa = PBXBuildFile; fileRef = 5289DBFA201CA686001E120F /* getData.swift */; };
		5289DBFD201CDC21001E120F /* DetailsTableViewController.swift in Sources */ = {isa = PBXBuildFile; fileRef = 5289DBFC201CDC21001E120F /* DetailsTableViewController.swift */; };
		5289DBFF201CDC63001E120F /* DetailsTableViewCell.swift in Sources */ = {isa = PBXBuildFile; fileRef = 5289DBFE201CDC63001E120F /* DetailsTableViewCell.swift */; };
		52AE56ED20628FE00017393F /* Pods_UtubeAPI.framework in Frameworks */ = {isa = PBXBuildFile; fileRef = 31EB4B867750B650AA182FA3 /* Pods_UtubeAPI.framework */; };
		52BF7AF72031E5440099ACC2 /* FirstPageViewController.swift in Sources */ = {isa = PBXBuildFile; fileRef = 52BF7AF62031E5440099ACC2 /* FirstPageViewController.swift */; };
		52C03BA12062798F004B3A20 /* ChartViewController.swift in Sources */ = {isa = PBXBuildFile; fileRef = 52C03BA02062798F004B3A20 /* ChartViewController.swift */; };
		52DE3C00201A7ED600F212D4 /* PhotosViewController.swift in Sources */ = {isa = PBXBuildFile; fileRef = 52DE3BFF201A7ED600F212D4 /* PhotosViewController.swift */; };
		52DE3C02201A887E00F212D4 /* CollectionViewCell.swift in Sources */ = {isa = PBXBuildFile; fileRef = 52DE3C01201A887E00F212D4 /* CollectionViewCell.swift */; };
		91874A791E27DBAB005D6EA4 /* AppDelegate.swift in Sources */ = {isa = PBXBuildFile; fileRef = 91874A781E27DBAB005D6EA4 /* AppDelegate.swift */; };
		91874A7E1E27DBAB005D6EA4 /* Main.storyboard in Resources */ = {isa = PBXBuildFile; fileRef = 91874A7C1E27DBAB005D6EA4 /* Main.storyboard */; };
		91874A801E27DBAB005D6EA4 /* Assets.xcassets in Resources */ = {isa = PBXBuildFile; fileRef = 91874A7F1E27DBAB005D6EA4 /* Assets.xcassets */; };
		91874A831E27DBAB005D6EA4 /* LaunchScreen.storyboard in Resources */ = {isa = PBXBuildFile; fileRef = 91874A811E27DBAB005D6EA4 /* LaunchScreen.storyboard */; };
		91874A8E1E27DBAC005D6EA4 /* UtubeAPITests.swift in Sources */ = {isa = PBXBuildFile; fileRef = 91874A8D1E27DBAC005D6EA4 /* UtubeAPITests.swift */; };
		91874A991E27DBAC005D6EA4 /* UtubeAPIUITests.swift in Sources */ = {isa = PBXBuildFile; fileRef = 91874A981E27DBAC005D6EA4 /* UtubeAPIUITests.swift */; };
		91874AA71E27DD24005D6EA4 /* DemoJSONTableViewController.swift in Sources */ = {isa = PBXBuildFile; fileRef = 91874AA61E27DD24005D6EA4 /* DemoJSONTableViewController.swift */; };
		918819571E290374004297DB /* TableViewCell.swift in Sources */ = {isa = PBXBuildFile; fileRef = 918819561E290374004297DB /* TableViewCell.swift */; };
/* End PBXBuildFile section */

/* Begin PBXContainerItemProxy section */
		5230D82A206291800045F726 /* PBXContainerItemProxy */ = {
			isa = PBXContainerItemProxy;
			containerPortal = 5230D825206291800045F726 /* Charts.xcodeproj */;
			proxyType = 2;
			remoteGlobalIDString = 65AD9E95D9ED4DC0BD73A743;
			remoteInfo = Charts;
		};
		5230D82C206291800045F726 /* PBXContainerItemProxy */ = {
			isa = PBXContainerItemProxy;
			containerPortal = 5230D825206291800045F726 /* Charts.xcodeproj */;
			proxyType = 2;
			remoteGlobalIDString = 1CBBC58C6CE1EBEE9852CE41;
			remoteInfo = ChartsTests;
		};
		5230D830206291B40045F726 /* PBXContainerItemProxy */ = {
			isa = PBXContainerItemProxy;
			containerPortal = 5230D825206291800045F726 /* Charts.xcodeproj */;
			proxyType = 1;
			remoteGlobalIDString = A58A4ED274A941CA248EA921;
			remoteInfo = Charts;
		};
		524DE587204C2616002DC3CB /* PBXContainerItemProxy */ = {
			isa = PBXContainerItemProxy;
			containerPortal = 91874A6D1E27DBAB005D6EA4 /* Project object */;
			proxyType = 1;
			remoteGlobalIDString = 91874A741E27DBAB005D6EA4;
			remoteInfo = UtubeAPI;
		};
		91874A8A1E27DBAC005D6EA4 /* PBXContainerItemProxy */ = {
			isa = PBXContainerItemProxy;
			containerPortal = 91874A6D1E27DBAB005D6EA4 /* Project object */;
			proxyType = 1;
			remoteGlobalIDString = 91874A741E27DBAB005D6EA4;
			remoteInfo = UtubeAPI;
		};
		91874A951E27DBAC005D6EA4 /* PBXContainerItemProxy */ = {
			isa = PBXContainerItemProxy;
			containerPortal = 91874A6D1E27DBAB005D6EA4 /* Project object */;
			proxyType = 1;
			remoteGlobalIDString = 91874A741E27DBAB005D6EA4;
			remoteInfo = UtubeAPI;
		};
/* End PBXContainerItemProxy section */

/* Begin PBXCopyFilesBuildPhase section */
		52FE43AE203A046B00BDF9EE /* Embed Frameworks */ = {
			isa = PBXCopyFilesBuildPhase;
			buildActionMask = 2147483647;
			dstPath = "";
			dstSubfolderSpec = 10;
			files = (
				5230D82F206291B40045F726 /* Charts.framework in Embed Frameworks */,
			);
			name = "Embed Frameworks";
			runOnlyForDeploymentPostprocessing = 0;
		};
/* End PBXCopyFilesBuildPhase section */

/* Begin PBXFileReference section */
		084FA91A9FA53951CE150DBD /* Pods-UtubeAPI.release.xcconfig */ = {isa = PBXFileReference; includeInIndex = 1; lastKnownFileType = text.xcconfig; name = "Pods-UtubeAPI.release.xcconfig"; path = "Pods/Target Support Files/Pods-UtubeAPI/Pods-UtubeAPI.release.xcconfig"; sourceTree = "<group>"; };
		31EB4B867750B650AA182FA3 /* Pods_UtubeAPI.framework */ = {isa = PBXFileReference; explicitFileType = wrapper.framework; includeInIndex = 0; path = Pods_UtubeAPI.framework; sourceTree = BUILT_PRODUCTS_DIR; };
		5230D825206291800045F726 /* Charts.xcodeproj */ = {isa = PBXFileReference; lastKnownFileType = "wrapper.pb-project"; name = Charts.xcodeproj; path = "../../../Downloads/Charts-master/Charts.xcodeproj"; sourceTree = "<group>"; };
		524DE582204C2616002DC3CB /* PlantPiTests.xctest */ = {isa = PBXFileReference; explicitFileType = wrapper.cfbundle; includeInIndex = 0; path = PlantPiTests.xctest; sourceTree = BUILT_PRODUCTS_DIR; };
		524DE584204C2616002DC3CB /* PlantPiTests.swift */ = {isa = PBXFileReference; lastKnownFileType = sourcecode.swift; path = PlantPiTests.swift; sourceTree = "<group>"; };
		524DE586204C2616002DC3CB /* Info.plist */ = {isa = PBXFileReference; lastKnownFileType = text.plist.xml; path = Info.plist; sourceTree = "<group>"; };
		524DE590204EC051002DC3CB /* CSwiftV.swift */ = {isa = PBXFileReference; lastKnownFileType = sourcecode.swift; path = CSwiftV.swift; sourceTree = "<group>"; };
		524DE594204ED112002DC3CB /* plants.csv */ = {isa = PBXFileReference; fileEncoding = 4; lastKnownFileType = text; path = plants.csv; sourceTree = "<group>"; };
		524DE596204EDE10002DC3CB /* PlantDataViewController.swift */ = {isa = PBXFileReference; lastKnownFileType = sourcecode.swift; path = PlantDataViewController.swift; sourceTree = "<group>"; };
		525432FE205EDE8500DC3854 /* AvgValuesViewController.swift */ = {isa = PBXFileReference; lastKnownFileType = sourcecode.swift; path = AvgValuesViewController.swift; sourceTree = "<group>"; };
		528763D82047335A006D8385 /* PlantTableViewController.swift */ = {isa = PBXFileReference; lastKnownFileType = sourcecode.swift; path = PlantTableViewController.swift; sourceTree = "<group>"; };
		528763DA2047337E006D8385 /* PlantTableViewCell.swift */ = {isa = PBXFileReference; lastKnownFileType = sourcecode.swift; path = PlantTableViewCell.swift; sourceTree = "<group>"; };
		5289DBF8201CA52E001E120F /* PlantData.swift */ = {isa = PBXFileReference; lastKnownFileType = sourcecode.swift; path = PlantData.swift; sourceTree = "<group>"; };
		5289DBFA201CA686001E120F /* getData.swift */ = {isa = PBXFileReference; lastKnownFileType = sourcecode.swift; path = getData.swift; sourceTree = "<group>"; };
		5289DBFC201CDC21001E120F /* DetailsTableViewController.swift */ = {isa = PBXFileReference; lastKnownFileType = sourcecode.swift; path = DetailsTableViewController.swift; sourceTree = "<group>"; };
		5289DBFE201CDC63001E120F /* DetailsTableViewCell.swift */ = {isa = PBXFileReference; lastKnownFileType = sourcecode.swift; path = DetailsTableViewCell.swift; sourceTree = "<group>"; };
		52BF7AF62031E5440099ACC2 /* FirstPageViewController.swift */ = {isa = PBXFileReference; lastKnownFileType = sourcecode.swift; path = FirstPageViewController.swift; sourceTree = "<group>"; };
		52C03BA02062798F004B3A20 /* ChartViewController.swift */ = {isa = PBXFileReference; lastKnownFileType = sourcecode.swift; path = ChartViewController.swift; sourceTree = "<group>"; };
		52DE3BFF201A7ED600F212D4 /* PhotosViewController.swift */ = {isa = PBXFileReference; lastKnownFileType = sourcecode.swift; path = PhotosViewController.swift; sourceTree = "<group>"; };
		52DE3C01201A887E00F212D4 /* CollectionViewCell.swift */ = {isa = PBXFileReference; lastKnownFileType = sourcecode.swift; path = CollectionViewCell.swift; sourceTree = "<group>"; };
		87CDD96D24EE67DB5758F7AB /* Pods-UtubeAPI.debug.xcconfig */ = {isa = PBXFileReference; includeInIndex = 1; lastKnownFileType = text.xcconfig; name = "Pods-UtubeAPI.debug.xcconfig"; path = "Pods/Target Support Files/Pods-UtubeAPI/Pods-UtubeAPI.debug.xcconfig"; sourceTree = "<group>"; };
		91874A751E27DBAB005D6EA4 /* UtubeAPI.app */ = {isa = PBXFileReference; explicitFileType = wrapper.application; includeInIndex = 0; path = UtubeAPI.app; sourceTree = BUILT_PRODUCTS_DIR; };
		91874A781E27DBAB005D6EA4 /* AppDelegate.swift */ = {isa = PBXFileReference; lastKnownFileType = sourcecode.swift; path = AppDelegate.swift; sourceTree = "<group>"; };
		91874A7D1E27DBAB005D6EA4 /* Base */ = {isa = PBXFileReference; lastKnownFileType = file.storyboard; name = Base; path = Base.lproj/Main.storyboard; sourceTree = "<group>"; };
		91874A7F1E27DBAB005D6EA4 /* Assets.xcassets */ = {isa = PBXFileReference; lastKnownFileType = folder.assetcatalog; path = Assets.xcassets; sourceTree = "<group>"; };
		91874A821E27DBAB005D6EA4 /* Base */ = {isa = PBXFileReference; lastKnownFileType = file.storyboard; name = Base; path = Base.lproj/LaunchScreen.storyboard; sourceTree = "<group>"; };
		91874A841E27DBAB005D6EA4 /* Info.plist */ = {isa = PBXFileReference; lastKnownFileType = text.plist.xml; path = Info.plist; sourceTree = "<group>"; };
		91874A891E27DBAC005D6EA4 /* UtubeAPITests.xctest */ = {isa = PBXFileReference; explicitFileType = wrapper.cfbundle; includeInIndex = 0; path = UtubeAPITests.xctest; sourceTree = BUILT_PRODUCTS_DIR; };
		91874A8D1E27DBAC005D6EA4 /* UtubeAPITests.swift */ = {isa = PBXFileReference; lastKnownFileType = sourcecode.swift; path = UtubeAPITests.swift; sourceTree = "<group>"; };
		91874A8F1E27DBAC005D6EA4 /* Info.plist */ = {isa = PBXFileReference; lastKnownFileType = text.plist.xml; path = Info.plist; sourceTree = "<group>"; };
		91874A941E27DBAC005D6EA4 /* UtubeAPIUITests.xctest */ = {isa = PBXFileReference; explicitFileType = wrapper.cfbundle; includeInIndex = 0; path = UtubeAPIUITests.xctest; sourceTree = BUILT_PRODUCTS_DIR; };
		91874A981E27DBAC005D6EA4 /* UtubeAPIUITests.swift */ = {isa = PBXFileReference; lastKnownFileType = sourcecode.swift; path = UtubeAPIUITests.swift; sourceTree = "<group>"; };
		91874A9A1E27DBAC005D6EA4 /* Info.plist */ = {isa = PBXFileReference; lastKnownFileType = text.plist.xml; path = Info.plist; sourceTree = "<group>"; };
		91874AA61E27DD24005D6EA4 /* DemoJSONTableViewController.swift */ = {isa = PBXFileReference; fileEncoding = 4; lastKnownFileType = sourcecode.swift; name = DemoJSONTableViewController.swift; path = ../DemoJSONTableViewController.swift; sourceTree = "<group>"; };
		918819561E290374004297DB /* TableViewCell.swift */ = {isa = PBXFileReference; fileEncoding = 4; lastKnownFileType = sourcecode.swift; path = TableViewCell.swift; sourceTree = "<group>"; };
/* End PBXFileReference section */

/* Begin PBXFrameworksBuildPhase section */
		524DE57F204C2616002DC3CB /* Frameworks */ = {
			isa = PBXFrameworksBuildPhase;
			buildActionMask = 2147483647;
			files = (
			);
			runOnlyForDeploymentPostprocessing = 0;
		};
		91874A721E27DBAB005D6EA4 /* Frameworks */ = {
			isa = PBXFrameworksBuildPhase;
			buildActionMask = 2147483647;
			files = (
				52AE56ED20628FE00017393F /* Pods_UtubeAPI.framework in Frameworks */,
				5230D82E206291B40045F726 /* Charts.framework in Frameworks */,
			);
			runOnlyForDeploymentPostprocessing = 0;
		};
		91874A861E27DBAC005D6EA4 /* Frameworks */ = {
			isa = PBXFrameworksBuildPhase;
			buildActionMask = 2147483647;
			files = (
			);
			runOnlyForDeploymentPostprocessing = 0;
		};
		91874A911E27DBAC005D6EA4 /* Frameworks */ = {
			isa = PBXFrameworksBuildPhase;
			buildActionMask = 2147483647;
			files = (
			);
			runOnlyForDeploymentPostprocessing = 0;
		};
/* End PBXFrameworksBuildPhase section */

/* Begin PBXGroup section */
		5230D826206291800045F726 /* Products */ = {
			isa = PBXGroup;
			children = (
				5230D82B206291800045F726 /* Charts.framework */,
				5230D82D206291800045F726 /* ChartsTests.xctest */,
			);
			name = Products;
			sourceTree = "<group>";
		};
		524DE583204C2616002DC3CB /* PlantPiTests */ = {
			isa = PBXGroup;
			children = (
				524DE584204C2616002DC3CB /* PlantPiTests.swift */,
				524DE586204C2616002DC3CB /* Info.plist */,
			);
			path = PlantPiTests;
			sourceTree = "<group>";
		};
		741F0C21974BA8C31DF84C3D /* Frameworks */ = {
			isa = PBXGroup;
			children = (
				31EB4B867750B650AA182FA3 /* Pods_UtubeAPI.framework */,
			);
			name = Frameworks;
			sourceTree = "<group>";
		};
		91874A6C1E27DBAB005D6EA4 = {
			isa = PBXGroup;
			children = (
				5230D825206291800045F726 /* Charts.xcodeproj */,
				91874A771E27DBAB005D6EA4 /* UtubeAPI */,
				91874A8C1E27DBAC005D6EA4 /* UtubeAPITests */,
				91874A971E27DBAC005D6EA4 /* UtubeAPIUITests */,
				524DE583204C2616002DC3CB /* PlantPiTests */,
				91874A761E27DBAB005D6EA4 /* Products */,
				D7AB543309D95A0996610978 /* Pods */,
				741F0C21974BA8C31DF84C3D /* Frameworks */,
			);
			sourceTree = "<group>";
		};
		91874A761E27DBAB005D6EA4 /* Products */ = {
			isa = PBXGroup;
			children = (
				91874A751E27DBAB005D6EA4 /* UtubeAPI.app */,
				91874A891E27DBAC005D6EA4 /* UtubeAPITests.xctest */,
				91874A941E27DBAC005D6EA4 /* UtubeAPIUITests.xctest */,
				524DE582204C2616002DC3CB /* PlantPiTests.xctest */,
			);
			name = Products;
			sourceTree = "<group>";
		};
		91874A771E27DBAB005D6EA4 /* UtubeAPI */ = {
			isa = PBXGroup;
			children = (
				52BF7AF62031E5440099ACC2 /* FirstPageViewController.swift */,
				91874AA61E27DD24005D6EA4 /* DemoJSONTableViewController.swift */,
				5289DBFC201CDC21001E120F /* DetailsTableViewController.swift */,
				52DE3BFF201A7ED600F212D4 /* PhotosViewController.swift */,
				528763D82047335A006D8385 /* PlantTableViewController.swift */,
				91874A7C1E27DBAB005D6EA4 /* Main.storyboard */,
				52C03BA02062798F004B3A20 /* ChartViewController.swift */,
				525432FE205EDE8500DC3854 /* AvgValuesViewController.swift */,
				524DE596204EDE10002DC3CB /* PlantDataViewController.swift */,
				524DE590204EC051002DC3CB /* CSwiftV.swift */,
				528763DA2047337E006D8385 /* PlantTableViewCell.swift */,
				5289DBFA201CA686001E120F /* getData.swift */,
				5289DBF8201CA52E001E120F /* PlantData.swift */,
				5289DBFE201CDC63001E120F /* DetailsTableViewCell.swift */,
				52DE3C01201A887E00F212D4 /* CollectionViewCell.swift */,
				918819561E290374004297DB /* TableViewCell.swift */,
				91874A781E27DBAB005D6EA4 /* AppDelegate.swift */,
				91874A7F1E27DBAB005D6EA4 /* Assets.xcassets */,
				524DE594204ED112002DC3CB /* plants.csv */,
				91874A811E27DBAB005D6EA4 /* LaunchScreen.storyboard */,
				91874A841E27DBAB005D6EA4 /* Info.plist */,
			);
			path = UtubeAPI;
			sourceTree = "<group>";
		};
		91874A8C1E27DBAC005D6EA4 /* UtubeAPITests */ = {
			isa = PBXGroup;
			children = (
				91874A8D1E27DBAC005D6EA4 /* UtubeAPITests.swift */,
				91874A8F1E27DBAC005D6EA4 /* Info.plist */,
			);
			path = UtubeAPITests;
			sourceTree = "<group>";
		};
		91874A971E27DBAC005D6EA4 /* UtubeAPIUITests */ = {
			isa = PBXGroup;
			children = (
				91874A981E27DBAC005D6EA4 /* UtubeAPIUITests.swift */,
				91874A9A1E27DBAC005D6EA4 /* Info.plist */,
			);
			path = UtubeAPIUITests;
			sourceTree = "<group>";
		};
		D7AB543309D95A0996610978 /* Pods */ = {
			isa = PBXGroup;
			children = (
				87CDD96D24EE67DB5758F7AB /* Pods-UtubeAPI.debug.xcconfig */,
				084FA91A9FA53951CE150DBD /* Pods-UtubeAPI.release.xcconfig */,
			);
			name = Pods;
			sourceTree = "<group>";
		};
/* End PBXGroup section */

/* Begin PBXNativeTarget section */
		524DE581204C2616002DC3CB /* PlantPiTests */ = {
			isa = PBXNativeTarget;
			buildConfigurationList = 524DE58B204C2616002DC3CB /* Build configuration list for PBXNativeTarget "PlantPiTests" */;
			buildPhases = (
				524DE57E204C2616002DC3CB /* Sources */,
				524DE57F204C2616002DC3CB /* Frameworks */,
				524DE580204C2616002DC3CB /* Resources */,
			);
			buildRules = (
			);
			dependencies = (
				524DE588204C2616002DC3CB /* PBXTargetDependency */,
			);
			name = PlantPiTests;
			productName = PlantPiTests;
			productReference = 524DE582204C2616002DC3CB /* PlantPiTests.xctest */;
			productType = "com.apple.product-type.bundle.unit-test";
		};
		91874A741E27DBAB005D6EA4 /* UtubeAPI */ = {
			isa = PBXNativeTarget;
			buildConfigurationList = 91874A9D1E27DBAC005D6EA4 /* Build configuration list for PBXNativeTarget "UtubeAPI" */;
			buildPhases = (
				D22F6FEBEED7E2A10B72803A /* [CP] Check Pods Manifest.lock */,
				91874A711E27DBAB005D6EA4 /* Sources */,
				91874A721E27DBAB005D6EA4 /* Frameworks */,
				91874A731E27DBAB005D6EA4 /* Resources */,
				C1BAEDE76499D55C5D02F98D /* [CP] Embed Pods Frameworks */,
				77CA42F329F60D8C3593ED87 /* [CP] Copy Pods Resources */,
				52FE43AE203A046B00BDF9EE /* Embed Frameworks */,
			);
			buildRules = (
			);
			dependencies = (
				5230D831206291B40045F726 /* PBXTargetDependency */,
			);
			name = UtubeAPI;
			productName = UtubeAPI;
			productReference = 91874A751E27DBAB005D6EA4 /* UtubeAPI.app */;
			productType = "com.apple.product-type.application";
		};
		91874A881E27DBAC005D6EA4 /* UtubeAPITests */ = {
			isa = PBXNativeTarget;
			buildConfigurationList = 91874AA01E27DBAC005D6EA4 /* Build configuration list for PBXNativeTarget "UtubeAPITests" */;
			buildPhases = (
				91874A851E27DBAC005D6EA4 /* Sources */,
				91874A861E27DBAC005D6EA4 /* Frameworks */,
				91874A871E27DBAC005D6EA4 /* Resources */,
			);
			buildRules = (
			);
			dependencies = (
				91874A8B1E27DBAC005D6EA4 /* PBXTargetDependency */,
			);
			name = UtubeAPITests;
			productName = UtubeAPITests;
			productReference = 91874A891E27DBAC005D6EA4 /* UtubeAPITests.xctest */;
			productType = "com.apple.product-type.bundle.unit-test";
		};
		91874A931E27DBAC005D6EA4 /* UtubeAPIUITests */ = {
			isa = PBXNativeTarget;
			buildConfigurationList = 91874AA31E27DBAC005D6EA4 /* Build configuration list for PBXNativeTarget "UtubeAPIUITests" */;
			buildPhases = (
				91874A901E27DBAC005D6EA4 /* Sources */,
				91874A911E27DBAC005D6EA4 /* Frameworks */,
				91874A921E27DBAC005D6EA4 /* Resources */,
			);
			buildRules = (
			);
			dependencies = (
				91874A961E27DBAC005D6EA4 /* PBXTargetDependency */,
			);
			name = UtubeAPIUITests;
			productName = UtubeAPIUITests;
			productReference = 91874A941E27DBAC005D6EA4 /* UtubeAPIUITests.xctest */;
			productType = "com.apple.product-type.bundle.ui-testing";
		};
/* End PBXNativeTarget section */

/* Begin PBXProject section */
		91874A6D1E27DBAB005D6EA4 /* Project object */ = {
			isa = PBXProject;
			attributes = {
				LastSwiftUpdateCheck = 0920;
				LastUpgradeCheck = 0820;
				ORGANIZATIONNAME = "Casey, Brian";
				TargetAttributes = {
					524DE581204C2616002DC3CB = {
						CreatedOnToolsVersion = 9.2;
						DevelopmentTeam = ECMP8NKXGD;
						ProvisioningStyle = Automatic;
						TestTargetID = 91874A741E27DBAB005D6EA4;
					};
					91874A741E27DBAB005D6EA4 = {
						CreatedOnToolsVersion = 8.2.1;
						DevelopmentTeam = 424XP5MAS8;
						ProvisioningStyle = Automatic;
					};
					91874A881E27DBAC005D6EA4 = {
						CreatedOnToolsVersion = 8.2.1;
						ProvisioningStyle = Automatic;
						TestTargetID = 91874A741E27DBAB005D6EA4;
					};
					91874A931E27DBAC005D6EA4 = {
						CreatedOnToolsVersion = 8.2.1;
						ProvisioningStyle = Automatic;
						TestTargetID = 91874A741E27DBAB005D6EA4;
					};
				};
			};
			buildConfigurationList = 91874A701E27DBAB005D6EA4 /* Build configuration list for PBXProject "UtubeAPI" */;
			compatibilityVersion = "Xcode 3.2";
			developmentRegion = English;
			hasScannedForEncodings = 0;
			knownRegions = (
				en,
				Base,
			);
			mainGroup = 91874A6C1E27DBAB005D6EA4;
			productRefGroup = 91874A761E27DBAB005D6EA4 /* Products */;
			projectDirPath = "";
			projectReferences = (
				{
					ProductGroup = 5230D826206291800045F726 /* Products */;
					ProjectRef = 5230D825206291800045F726 /* Charts.xcodeproj */;
				},
			);
			projectRoot = "";
			targets = (
				91874A741E27DBAB005D6EA4 /* UtubeAPI */,
				91874A881E27DBAC005D6EA4 /* UtubeAPITests */,
				91874A931E27DBAC005D6EA4 /* UtubeAPIUITests */,
				524DE581204C2616002DC3CB /* PlantPiTests */,
			);
		};
/* End PBXProject section */

/* Begin PBXReferenceProxy section */
		5230D82B206291800045F726 /* Charts.framework */ = {
			isa = PBXReferenceProxy;
			fileType = wrapper.framework;
			path = Charts.framework;
			remoteRef = 5230D82A206291800045F726 /* PBXContainerItemProxy */;
			sourceTree = BUILT_PRODUCTS_DIR;
		};
		5230D82D206291800045F726 /* ChartsTests.xctest */ = {
			isa = PBXReferenceProxy;
			fileType = wrapper.cfbundle;
			path = ChartsTests.xctest;
			remoteRef = 5230D82C206291800045F726 /* PBXContainerItemProxy */;
			sourceTree = BUILT_PRODUCTS_DIR;
		};
/* End PBXReferenceProxy section */

/* Begin PBXResourcesBuildPhase section */
		524DE580204C2616002DC3CB /* Resources */ = {
			isa = PBXResourcesBuildPhase;
			buildActionMask = 2147483647;
			files = (
			);
			runOnlyForDeploymentPostprocessing = 0;
		};
		91874A731E27DBAB005D6EA4 /* Resources */ = {
			isa = PBXResourcesBuildPhase;
			buildActionMask = 2147483647;
			files = (
				91874A831E27DBAB005D6EA4 /* LaunchScreen.storyboard in Resources */,
				91874A801E27DBAB005D6EA4 /* Assets.xcassets in Resources */,
				524DE595204ED112002DC3CB /* plants.csv in Resources */,
				91874A7E1E27DBAB005D6EA4 /* Main.storyboard in Resources */,
			);
			runOnlyForDeploymentPostprocessing = 0;
		};
		91874A871E27DBAC005D6EA4 /* Resources */ = {
			isa = PBXResourcesBuildPhase;
			buildActionMask = 2147483647;
			files = (
			);
			runOnlyForDeploymentPostprocessing = 0;
		};
		91874A921E27DBAC005D6EA4 /* Resources */ = {
			isa = PBXResourcesBuildPhase;
			buildActionMask = 2147483647;
			files = (
			);
			runOnlyForDeploymentPostprocessing = 0;
		};
/* End PBXResourcesBuildPhase section */

/* Begin PBXShellScriptBuildPhase section */
		77CA42F329F60D8C3593ED87 /* [CP] Copy Pods Resources */ = {
			isa = PBXShellScriptBuildPhase;
			buildActionMask = 2147483647;
			files = (
			);
			inputPaths = (
			);
			name = "[CP] Copy Pods Resources";
			outputPaths = (
			);
			runOnlyForDeploymentPostprocessing = 0;
			shellPath = /bin/sh;
			shellScript = "\"${SRCROOT}/Pods/Target Support Files/Pods-UtubeAPI/Pods-UtubeAPI-resources.sh\"\n";
			showEnvVarsInLog = 0;
		};
		C1BAEDE76499D55C5D02F98D /* [CP] Embed Pods Frameworks */ = {
			isa = PBXShellScriptBuildPhase;
			buildActionMask = 2147483647;
			files = (
			);
			inputPaths = (
				"${SRCROOT}/Pods/Target Support Files/Pods-UtubeAPI/Pods-UtubeAPI-frameworks.sh",
				"${BUILT_PRODUCTS_DIR}/CocoaAsyncSocket/CocoaAsyncSocket.framework",
				"${BUILT_PRODUCTS_DIR}/CocoaMQTT/CocoaMQTT.framework",
				"${BUILT_PRODUCTS_DIR}/SwiftyTimer/SwiftyTimer.framework",
			);
			name = "[CP] Embed Pods Frameworks";
			outputPaths = (
				"${TARGET_BUILD_DIR}/${FRAMEWORKS_FOLDER_PATH}/CocoaAsyncSocket.framework",
				"${TARGET_BUILD_DIR}/${FRAMEWORKS_FOLDER_PATH}/CocoaMQTT.framework",
				"${TARGET_BUILD_DIR}/${FRAMEWORKS_FOLDER_PATH}/SwiftyTimer.framework",
			);
			runOnlyForDeploymentPostprocessing = 0;
			shellPath = /bin/sh;
			shellScript = "\"${SRCROOT}/Pods/Target Support Files/Pods-UtubeAPI/Pods-UtubeAPI-frameworks.sh\"\n";
			showEnvVarsInLog = 0;
		};
		D22F6FEBEED7E2A10B72803A /* [CP] Check Pods Manifest.lock */ = {
			isa = PBXShellScriptBuildPhase;
			buildActionMask = 2147483647;
			files = (
			);
			inputPaths = (
				"${PODS_PODFILE_DIR_PATH}/Podfile.lock",
				"${PODS_ROOT}/Manifest.lock",
			);
			name = "[CP] Check Pods Manifest.lock";
			outputPaths = (
				"$(DERIVED_FILE_DIR)/Pods-UtubeAPI-checkManifestLockResult.txt",
			);
			runOnlyForDeploymentPostprocessing = 0;
			shellPath = /bin/sh;
			shellScript = "diff \"${PODS_PODFILE_DIR_PATH}/Podfile.lock\" \"${PODS_ROOT}/Manifest.lock\" > /dev/null\nif [ $? != 0 ] ; then\n    # print error to STDERR\n    echo \"error: The sandbox is not in sync with the Podfile.lock. Run 'pod install' or update your CocoaPods installation.\" >&2\n    exit 1\nfi\n# This output is used by Xcode 'outputs' to avoid re-running this script phase.\necho \"SUCCESS\" > \"${SCRIPT_OUTPUT_FILE_0}\"\n";
			showEnvVarsInLog = 0;
		};
/* End PBXShellScriptBuildPhase section */

/* Begin PBXSourcesBuildPhase section */
		524DE57E204C2616002DC3CB /* Sources */ = {
			isa = PBXSourcesBuildPhase;
			buildActionMask = 2147483647;
			files = (
				524DE585204C2616002DC3CB /* PlantPiTests.swift in Sources */,
			);
			runOnlyForDeploymentPostprocessing = 0;
		};
		91874A711E27DBAB005D6EA4 /* Sources */ = {
			isa = PBXSourcesBuildPhase;
			buildActionMask = 2147483647;
			files = (
				5289DBFD201CDC21001E120F /* DetailsTableViewController.swift in Sources */,
				528763DB2047337E006D8385 /* PlantTableViewCell.swift in Sources */,
				524DE597204EDE10002DC3CB /* PlantDataViewController.swift in Sources */,
				52DE3C02201A887E00F212D4 /* CollectionViewCell.swift in Sources */,
				52BF7AF72031E5440099ACC2 /* FirstPageViewController.swift in Sources */,
				52C03BA12062798F004B3A20 /* ChartViewController.swift in Sources */,
				918819571E290374004297DB /* TableViewCell.swift in Sources */,
				5289DBFF201CDC63001E120F /* DetailsTableViewCell.swift in Sources */,
				52DE3C00201A7ED600F212D4 /* PhotosViewController.swift in Sources */,
				524DE591204EC051002DC3CB /* CSwiftV.swift in Sources */,
				5289DBF9201CA52E001E120F /* PlantData.swift in Sources */,
				5289DBFB201CA686001E120F /* getData.swift in Sources */,
				528763D92047335A006D8385 /* PlantTableViewController.swift in Sources */,
				91874AA71E27DD24005D6EA4 /* DemoJSONTableViewController.swift in Sources */,
				91874A791E27DBAB005D6EA4 /* AppDelegate.swift in Sources */,
				525432FF205EDE8500DC3854 /* AvgValuesViewController.swift in Sources */,
			);
			runOnlyForDeploymentPostprocessing = 0;
		};
		91874A851E27DBAC005D6EA4 /* Sources */ = {
			isa = PBXSourcesBuildPhase;
			buildActionMask = 2147483647;
			files = (
				91874A8E1E27DBAC005D6EA4 /* UtubeAPITests.swift in Sources */,
			);
			runOnlyForDeploymentPostprocessing = 0;
		};
		91874A901E27DBAC005D6EA4 /* Sources */ = {
			isa = PBXSourcesBuildPhase;
			buildActionMask = 2147483647;
			files = (
				91874A991E27DBAC005D6EA4 /* UtubeAPIUITests.swift in Sources */,
			);
			runOnlyForDeploymentPostprocessing = 0;
		};
/* End PBXSourcesBuildPhase section */

/* Begin PBXTargetDependency section */
		5230D831206291B40045F726 /* PBXTargetDependency */ = {
			isa = PBXTargetDependency;
			name = Charts;
			targetProxy = 5230D830206291B40045F726 /* PBXContainerItemProxy */;
		};
		524DE588204C2616002DC3CB /* PBXTargetDependency */ = {
			isa = PBXTargetDependency;
			target = 91874A741E27DBAB005D6EA4 /* UtubeAPI */;
			targetProxy = 524DE587204C2616002DC3CB /* PBXContainerItemProxy */;
		};
		91874A8B1E27DBAC005D6EA4 /* PBXTargetDependency */ = {
			isa = PBXTargetDependency;
			target = 91874A741E27DBAB005D6EA4 /* UtubeAPI */;
			targetProxy = 91874A8A1E27DBAC005D6EA4 /* PBXContainerItemProxy */;
		};
		91874A961E27DBAC005D6EA4 /* PBXTargetDependency */ = {
			isa = PBXTargetDependency;
			target = 91874A741E27DBAB005D6EA4 /* UtubeAPI */;
			targetProxy = 91874A951E27DBAC005D6EA4 /* PBXContainerItemProxy */;
		};
/* End PBXTargetDependency section */

/* Begin PBXVariantGroup section */
		91874A7C1E27DBAB005D6EA4 /* Main.storyboard */ = {
			isa = PBXVariantGroup;
			children = (
				91874A7D1E27DBAB005D6EA4 /* Base */,
			);
			name = Main.storyboard;
			sourceTree = "<group>";
		};
		91874A811E27DBAB005D6EA4 /* LaunchScreen.storyboard */ = {
			isa = PBXVariantGroup;
			children = (
				91874A821E27DBAB005D6EA4 /* Base */,
			);
			name = LaunchScreen.storyboard;
			sourceTree = "<group>";
		};
/* End PBXVariantGroup section */

/* Begin XCBuildConfiguration section */
		524DE589204C2616002DC3CB /* Debug */ = {
			isa = XCBuildConfiguration;
			buildSettings = {
				BUNDLE_LOADER = "$(TEST_HOST)";
				CLANG_ANALYZER_NUMBER_OBJECT_CONVERSION = YES_AGGRESSIVE;
				CLANG_CXX_LANGUAGE_STANDARD = "gnu++14";
				CLANG_WARN_BLOCK_CAPTURE_AUTORELEASING = YES;
				CLANG_WARN_COMMA = YES;
				CLANG_WARN_NON_LITERAL_NULL_CONVERSION = YES;
				CLANG_WARN_OBJC_LITERAL_CONVERSION = YES;
				CLANG_WARN_RANGE_LOOP_ANALYSIS = YES;
				CLANG_WARN_STRICT_PROTOTYPES = YES;
				CLANG_WARN_UNGUARDED_AVAILABILITY = YES_AGGRESSIVE;
				CODE_SIGN_IDENTITY = "iPhone Developer";
				CODE_SIGN_STYLE = Automatic;
				DEVELOPMENT_TEAM = ECMP8NKXGD;
				GCC_C_LANGUAGE_STANDARD = gnu11;
				INFOPLIST_FILE = PlantPiTests/Info.plist;
				IPHONEOS_DEPLOYMENT_TARGET = 11.2;
				LD_RUNPATH_SEARCH_PATHS = "$(inherited) @executable_path/Frameworks @loader_path/Frameworks";
				PRODUCT_BUNDLE_IDENTIFIER = com.example.PlantPiTests;
				PRODUCT_NAME = "$(TARGET_NAME)";
				SWIFT_VERSION = 4.0;
				TARGETED_DEVICE_FAMILY = "1,2";
				TEST_HOST = "$(BUILT_PRODUCTS_DIR)/UtubeAPI.app/UtubeAPI";
			};
			name = Debug;
		};
		524DE58A204C2616002DC3CB /* Release */ = {
			isa = XCBuildConfiguration;
			buildSettings = {
				BUNDLE_LOADER = "$(TEST_HOST)";
				CLANG_ANALYZER_NUMBER_OBJECT_CONVERSION = YES_AGGRESSIVE;
				CLANG_CXX_LANGUAGE_STANDARD = "gnu++14";
				CLANG_WARN_BLOCK_CAPTURE_AUTORELEASING = YES;
				CLANG_WARN_COMMA = YES;
				CLANG_WARN_NON_LITERAL_NULL_CONVERSION = YES;
				CLANG_WARN_OBJC_LITERAL_CONVERSION = YES;
				CLANG_WARN_RANGE_LOOP_ANALYSIS = YES;
				CLANG_WARN_STRICT_PROTOTYPES = YES;
				CLANG_WARN_UNGUARDED_AVAILABILITY = YES_AGGRESSIVE;
				CODE_SIGN_IDENTITY = "iPhone Developer";
				CODE_SIGN_STYLE = Automatic;
				DEVELOPMENT_TEAM = ECMP8NKXGD;
				GCC_C_LANGUAGE_STANDARD = gnu11;
				INFOPLIST_FILE = PlantPiTests/Info.plist;
				IPHONEOS_DEPLOYMENT_TARGET = 11.2;
				LD_RUNPATH_SEARCH_PATHS = "$(inherited) @executable_path/Frameworks @loader_path/Frameworks";
				PRODUCT_BUNDLE_IDENTIFIER = com.example.PlantPiTests;
				PRODUCT_NAME = "$(TARGET_NAME)";
				SWIFT_VERSION = 4.0;
				TARGETED_DEVICE_FAMILY = "1,2";
				TEST_HOST = "$(BUILT_PRODUCTS_DIR)/UtubeAPI.app/UtubeAPI";
			};
			name = Release;
		};
		91874A9B1E27DBAC005D6EA4 /* Debug */ = {
			isa = XCBuildConfiguration;
			buildSettings = {
				ALWAYS_SEARCH_USER_PATHS = NO;
				CLANG_ANALYZER_NONNULL = YES;
				CLANG_CXX_LANGUAGE_STANDARD = "gnu++0x";
				CLANG_CXX_LIBRARY = "libc++";
				CLANG_ENABLE_MODULES = YES;
				CLANG_ENABLE_OBJC_ARC = YES;
				CLANG_WARN_BOOL_CONVERSION = YES;
				CLANG_WARN_CONSTANT_CONVERSION = YES;
				CLANG_WARN_DIRECT_OBJC_ISA_USAGE = YES_ERROR;
				CLANG_WARN_DOCUMENTATION_COMMENTS = YES;
				CLANG_WARN_EMPTY_BODY = YES;
				CLANG_WARN_ENUM_CONVERSION = YES;
				CLANG_WARN_INFINITE_RECURSION = YES;
				CLANG_WARN_INT_CONVERSION = YES;
				CLANG_WARN_OBJC_ROOT_CLASS = YES_ERROR;
				CLANG_WARN_SUSPICIOUS_MOVE = YES;
				CLANG_WARN_UNREACHABLE_CODE = YES;
				CLANG_WARN__DUPLICATE_METHOD_MATCH = YES;
				"CODE_SIGN_IDENTITY[sdk=iphoneos*]" = "iPhone Developer";
				COPY_PHASE_STRIP = NO;
				DEBUG_INFORMATION_FORMAT = dwarf;
				ENABLE_STRICT_OBJC_MSGSEND = YES;
				ENABLE_TESTABILITY = YES;
				GCC_C_LANGUAGE_STANDARD = gnu99;
				GCC_DYNAMIC_NO_PIC = NO;
				GCC_NO_COMMON_BLOCKS = YES;
				GCC_OPTIMIZATION_LEVEL = 0;
				GCC_PREPROCESSOR_DEFINITIONS = (
					"DEBUG=1",
					"$(inherited)",
				);
				GCC_WARN_64_TO_32_BIT_CONVERSION = YES;
				GCC_WARN_ABOUT_RETURN_TYPE = YES_ERROR;
				GCC_WARN_UNDECLARED_SELECTOR = YES;
				GCC_WARN_UNINITIALIZED_AUTOS = YES_AGGRESSIVE;
				GCC_WARN_UNUSED_FUNCTION = YES;
				GCC_WARN_UNUSED_VARIABLE = YES;
				IPHONEOS_DEPLOYMENT_TARGET = 10.2;
				MTL_ENABLE_DEBUG_INFO = YES;
				ONLY_ACTIVE_ARCH = YES;
				SDKROOT = iphoneos;
				SWIFT_ACTIVE_COMPILATION_CONDITIONS = DEBUG;
				SWIFT_OPTIMIZATION_LEVEL = "-Onone";
				TARGETED_DEVICE_FAMILY = "1,2";
			};
			name = Debug;
		};
		91874A9C1E27DBAC005D6EA4 /* Release */ = {
			isa = XCBuildConfiguration;
			buildSettings = {
				ALWAYS_SEARCH_USER_PATHS = NO;
				CLANG_ANALYZER_NONNULL = YES;
				CLANG_CXX_LANGUAGE_STANDARD = "gnu++0x";
				CLANG_CXX_LIBRARY = "libc++";
				CLANG_ENABLE_MODULES = YES;
				CLANG_ENABLE_OBJC_ARC = YES;
				CLANG_WARN_BOOL_CONVERSION = YES;
				CLANG_WARN_CONSTANT_CONVERSION = YES;
				CLANG_WARN_DIRECT_OBJC_ISA_USAGE = YES_ERROR;
				CLANG_WARN_DOCUMENTATION_COMMENTS = YES;
				CLANG_WARN_EMPTY_BODY = YES;
				CLANG_WARN_ENUM_CONVERSION = YES;
				CLANG_WARN_INFINITE_RECURSION = YES;
				CLANG_WARN_INT_CONVERSION = YES;
				CLANG_WARN_OBJC_ROOT_CLASS = YES_ERROR;
				CLANG_WARN_SUSPICIOUS_MOVE = YES;
				CLANG_WARN_UNREACHABLE_CODE = YES;
				CLANG_WARN__DUPLICATE_METHOD_MATCH = YES;
				"CODE_SIGN_IDENTITY[sdk=iphoneos*]" = "iPhone Developer";
				COPY_PHASE_STRIP = NO;
				DEBUG_INFORMATION_FORMAT = "dwarf-with-dsym";
				ENABLE_NS_ASSERTIONS = NO;
				ENABLE_STRICT_OBJC_MSGSEND = YES;
				GCC_C_LANGUAGE_STANDARD = gnu99;
				GCC_NO_COMMON_BLOCKS = YES;
				GCC_WARN_64_TO_32_BIT_CONVERSION = YES;
				GCC_WARN_ABOUT_RETURN_TYPE = YES_ERROR;
				GCC_WARN_UNDECLARED_SELECTOR = YES;
				GCC_WARN_UNINITIALIZED_AUTOS = YES_AGGRESSIVE;
				GCC_WARN_UNUSED_FUNCTION = YES;
				GCC_WARN_UNUSED_VARIABLE = YES;
				IPHONEOS_DEPLOYMENT_TARGET = 10.2;
				MTL_ENABLE_DEBUG_INFO = NO;
				SDKROOT = iphoneos;
				SWIFT_OPTIMIZATION_LEVEL = "-Owholemodule";
				TARGETED_DEVICE_FAMILY = "1,2";
				VALIDATE_PRODUCT = YES;
			};
			name = Release;
		};
		91874A9E1E27DBAC005D6EA4 /* Debug */ = {
			isa = XCBuildConfiguration;
			baseConfigurationReference = 87CDD96D24EE67DB5758F7AB /* Pods-UtubeAPI.debug.xcconfig */;
			buildSettings = {
				ALWAYS_EMBED_SWIFT_STANDARD_LIBRARIES = YES;
				ASSETCATALOG_COMPILER_APPICON_NAME = AppIcon;
				DEVELOPMENT_TEAM = 424XP5MAS8;
				INFOPLIST_FILE = UtubeAPI/Info.plist;
				LD_RUNPATH_SEARCH_PATHS = "$(inherited) @executable_path/Frameworks";
				PRODUCT_BUNDLE_IDENTIFIER = com.example.UtubeAPI;
				PRODUCT_NAME = "$(TARGET_NAME)";
				SWIFT_VERSION = 3.0;
			};
			name = Debug;
		};
		91874A9F1E27DBAC005D6EA4 /* Release */ = {
			isa = XCBuildConfiguration;
			baseConfigurationReference = 084FA91A9FA53951CE150DBD /* Pods-UtubeAPI.release.xcconfig */;
			buildSettings = {
				ALWAYS_EMBED_SWIFT_STANDARD_LIBRARIES = YES;
				ASSETCATALOG_COMPILER_APPICON_NAME = AppIcon;
				DEVELOPMENT_TEAM = 424XP5MAS8;
				INFOPLIST_FILE = UtubeAPI/Info.plist;
				LD_RUNPATH_SEARCH_PATHS = "$(inherited) @executable_path/Frameworks";
				PRODUCT_BUNDLE_IDENTIFIER = com.example.UtubeAPI;
				PRODUCT_NAME = "$(TARGET_NAME)";
				SWIFT_VERSION = 3.0;
			};
			name = Release;
		};
		91874AA11E27DBAC005D6EA4 /* Debug */ = {
			isa = XCBuildConfiguration;
			buildSettings = {
				ALWAYS_EMBED_SWIFT_STANDARD_LIBRARIES = YES;
				BUNDLE_LOADER = "$(TEST_HOST)";
				INFOPLIST_FILE = UtubeAPITests/Info.plist;
				LD_RUNPATH_SEARCH_PATHS = "$(inherited) @executable_path/Frameworks @loader_path/Frameworks";
				PRODUCT_BUNDLE_IDENTIFIER = com.example.UtubeAPITests;
				PRODUCT_NAME = "$(TARGET_NAME)";
				SWIFT_VERSION = 3.0;
				TEST_HOST = "$(BUILT_PRODUCTS_DIR)/UtubeAPI.app/UtubeAPI";
			};
			name = Debug;
		};
		91874AA21E27DBAC005D6EA4 /* Release */ = {
			isa = XCBuildConfiguration;
			buildSettings = {
				ALWAYS_EMBED_SWIFT_STANDARD_LIBRARIES = YES;
				BUNDLE_LOADER = "$(TEST_HOST)";
				INFOPLIST_FILE = UtubeAPITests/Info.plist;
				LD_RUNPATH_SEARCH_PATHS = "$(inherited) @executable_path/Frameworks @loader_path/Frameworks";
				PRODUCT_BUNDLE_IDENTIFIER = com.example.UtubeAPITests;
				PRODUCT_NAME = "$(TARGET_NAME)";
				SWIFT_VERSION = 3.0;
				TEST_HOST = "$(BUILT_PRODUCTS_DIR)/UtubeAPI.app/UtubeAPI";
			};
			name = Release;
		};
		91874AA41E27DBAC005D6EA4 /* Debug */ = {
			isa = XCBuildConfiguration;
			buildSettings = {
				ALWAYS_EMBED_SWIFT_STANDARD_LIBRARIES = YES;
				INFOPLIST_FILE = UtubeAPIUITests/Info.plist;
				LD_RUNPATH_SEARCH_PATHS = "$(inherited) @executable_path/Frameworks @loader_path/Frameworks";
				PRODUCT_BUNDLE_IDENTIFIER = com.example.UtubeAPIUITests;
				PRODUCT_NAME = "$(TARGET_NAME)";
				SWIFT_VERSION = 3.0;
				TEST_TARGET_NAME = UtubeAPI;
			};
			name = Debug;
		};
		91874AA51E27DBAC005D6EA4 /* Release */ = {
			isa = XCBuildConfiguration;
			buildSettings = {
				ALWAYS_EMBED_SWIFT_STANDARD_LIBRARIES = YES;
				INFOPLIST_FILE = UtubeAPIUITests/Info.plist;
				LD_RUNPATH_SEARCH_PATHS = "$(inherited) @executable_path/Frameworks @loader_path/Frameworks";
				PRODUCT_BUNDLE_IDENTIFIER = com.example.UtubeAPIUITests;
				PRODUCT_NAME = "$(TARGET_NAME)";
				SWIFT_VERSION = 3.0;
				TEST_TARGET_NAME = UtubeAPI;
			};
			name = Release;
		};
/* End XCBuildConfiguration section */

/* Begin XCConfigurationList section */
		524DE58B204C2616002DC3CB /* Build configuration list for PBXNativeTarget "PlantPiTests" */ = {
			isa = XCConfigurationList;
			buildConfigurations = (
				524DE589204C2616002DC3CB /* Debug */,
				524DE58A204C2616002DC3CB /* Release */,
			);
			defaultConfigurationIsVisible = 0;
			defaultConfigurationName = Release;
		};
		91874A701E27DBAB005D6EA4 /* Build configuration list for PBXProject "UtubeAPI" */ = {
			isa = XCConfigurationList;
			buildConfigurations = (
				91874A9B1E27DBAC005D6EA4 /* Debug */,
				91874A9C1E27DBAC005D6EA4 /* Release */,
			);
			defaultConfigurationIsVisible = 0;
			defaultConfigurationName = Release;
		};
		91874A9D1E27DBAC005D6EA4 /* Build configuration list for PBXNativeTarget "UtubeAPI" */ = {
			isa = XCConfigurationList;
			buildConfigurations = (
				91874A9E1E27DBAC005D6EA4 /* Debug */,
				91874A9F1E27DBAC005D6EA4 /* Release */,
			);
			defaultConfigurationIsVisible = 0;
			defaultConfigurationName = Release;
		};
		91874AA01E27DBAC005D6EA4 /* Build configuration list for PBXNativeTarget "UtubeAPITests" */ = {
			isa = XCConfigurationList;
			buildConfigurations = (
				91874AA11E27DBAC005D6EA4 /* Debug */,
				91874AA21E27DBAC005D6EA4 /* Release */,
			);
			defaultConfigurationIsVisible = 0;
			defaultConfigurationName = Release;
		};
		91874AA31E27DBAC005D6EA4 /* Build configuration list for PBXNativeTarget "UtubeAPIUITests" */ = {
			isa = XCConfigurationList;
			buildConfigurations = (
				91874AA41E27DBAC005D6EA4 /* Debug */,
				91874AA51E27DBAC005D6EA4 /* Release */,
			);
			defaultConfigurationIsVisible = 0;
			defaultConfigurationName = Release;
		};
/* End XCConfigurationList section */
	};
	rootObject = 91874A6D1E27DBAB005D6EA4 /* Project object */;
}
